{
  "version": 4,
  "terraform_version": "1.13.3",
  "serial": 34,
  "lineage": "11038299-6d7a-221b-a166-70667a41728f",
  "outputs": {},
  "resources": [
    {
      "module": "module.network_interface",
      "mode": "managed",
      "type": "azurerm_network_interface",
      "name": "nic1",
      "provider": "provider[\"registry.terraform.io/hashicorp/azurerm\"]",
      "instances": [
        {
          "index_key": "nic1",
          "schema_version": 0,
          "attributes": {
            "accelerated_networking_enabled": false,
            "applied_dns_servers": [],
            "auxiliary_mode": "",
            "auxiliary_sku": "",
            "dns_servers": null,
            "edge_zone": "",
            "id": "/subscriptions/dd652dae-3455-4999-8da8-e65662c036aa/resourceGroups/danialrg1/providers/Microsoft.Network/networkInterfaces/danial-nic",
            "internal_dns_name_label": "",
            "internal_domain_name_suffix": "5ch3ag20dhzebfufg4ujwnxbfc.rx.internal.cloudapp.net",
            "ip_configuration": [
              {
                "gateway_load_balancer_frontend_ip_configuration_id": "",
                "name": "internal",
                "primary": true,
                "private_ip_address": "10.0.2.4",
                "private_ip_address_allocation": "Dynamic",
                "private_ip_address_version": "IPv4",
                "public_ip_address_id": "/subscriptions/dd652dae-3455-4999-8da8-e65662c036aa/resourceGroups/danialrg1/providers/Microsoft.Network/publicIPAddresses/danial-pip",
                "subnet_id": "/subscriptions/dd652dae-3455-4999-8da8-e65662c036aa/resourceGroups/danialrg1/providers/Microsoft.Network/virtualNetworks/danial-vnet/subnets/danialsubnet"
              }
            ],
            "ip_forwarding_enabled": false,
            "location": "centralindia",
            "mac_address": "",
            "name": "danial-nic",
            "private_ip_address": "10.0.2.4",
            "private_ip_addresses": [
              "10.0.2.4"
            ],
            "resource_group_name": "danialrg1",
            "tags": null,
            "timeouts": null,
            "virtual_machine_id": ""
          },
          "sensitive_attributes": [],
          "identity_schema_version": 0,
          "identity": {
            "name": "danial-nic",
            "resource_group_name": "danialrg1",
            "subscription_id": "dd652dae-3455-4999-8da8-e65662c036aa"
          },
          "private": "eyJlMmJmYjczMC1lY2FhLTExZTYtOGY4OC0zNDM2M2JjN2M0YzAiOnsiY3JlYXRlIjoxODAwMDAwMDAwMDAwLCJkZWxldGUiOjE4MDAwMDAwMDAwMDAsInJlYWQiOjMwMDAwMDAwMDAwMCwidXBkYXRlIjoxODAwMDAwMDAwMDAwfX0=",
          "dependencies": [
            "module.public_ip.azurerm_public_ip.pip1",
            "module.resource_group.azurerm_resource_group.rg1",
            "module.subnet.azurerm_subnet.subnet1",
            "module.virtual_network.azurerm_virtual_network.vnet1"
          ]
        }
      ]
    },
    {
      "module": "module.public_ip",
      "mode": "managed",
      "type": "azurerm_public_ip",
      "name": "pip1",
      "provider": "provider[\"registry.terraform.io/hashicorp/azurerm\"]",
      "instances": [
        {
          "index_key": "pip1",
          "schema_version": 0,
          "attributes": {
            "allocation_method": "Static",
            "ddos_protection_mode": "VirtualNetworkInherited",
            "ddos_protection_plan_id": null,
            "domain_name_label": null,
            "domain_name_label_scope": null,
            "edge_zone": "",
            "fqdn": null,
            "id": "/subscriptions/dd652dae-3455-4999-8da8-e65662c036aa/resourceGroups/danialrg1/providers/Microsoft.Network/publicIPAddresses/danial-pip",
            "idle_timeout_in_minutes": 4,
            "ip_address": "74.225.139.147",
            "ip_tags": null,
            "ip_version": "IPv4",
            "location": "centralindia",
            "name": "danial-pip",
            "public_ip_prefix_id": null,
            "resource_group_name": "danialrg1",
            "reverse_fqdn": null,
            "sku": "Standard",
            "sku_tier": "Regional",
            "tags": null,
            "timeouts": null,
            "zones": null
          },
          "sensitive_attributes": [],
          "identity_schema_version": 0,
          "private": "eyJlMmJmYjczMC1lY2FhLTExZTYtOGY4OC0zNDM2M2JjN2M0YzAiOnsiY3JlYXRlIjoxODAwMDAwMDAwMDAwLCJkZWxldGUiOjE4MDAwMDAwMDAwMDAsInJlYWQiOjMwMDAwMDAwMDAwMCwidXBkYXRlIjoxODAwMDAwMDAwMDAwfX0=",
          "dependencies": [
            "module.resource_group.azurerm_resource_group.rg1"
          ]
        }
      ]
    },
    {
      "module": "module.resource_group",
      "mode": "managed",
      "type": "azurerm_resource_group",
      "name": "rg1",
      "provider": "provider[\"registry.terraform.io/hashicorp/azurerm\"]",
      "instances": [
        {
          "index_key": "rgs1",
          "schema_version": 0,
          "attributes": {
            "id": "/subscriptions/dd652dae-3455-4999-8da8-e65662c036aa/resourceGroups/danialrg1",
            "location": "centralindia",
            "managed_by": "shaileshrules",
            "name": "danialrg1",
            "tags": {
              "envs": "dev",
              "owner": "westerngroup"
            },
            "timeouts": null
          },
          "sensitive_attributes": [],
          "identity_schema_version": 0,
          "private": "eyJlMmJmYjczMC1lY2FhLTExZTYtOGY4OC0zNDM2M2JjN2M0YzAiOnsiY3JlYXRlIjo1NDAwMDAwMDAwMDAwLCJkZWxldGUiOjU0MDAwMDAwMDAwMDAsInJlYWQiOjMwMDAwMDAwMDAwMCwidXBkYXRlIjo1NDAwMDAwMDAwMDAwfX0="
        }
      ]
    },
    {
      "module": "module.subnet",
      "mode": "managed",
      "type": "azurerm_subnet",
      "name": "subnet1",
      "provider": "provider[\"registry.terraform.io/hashicorp/azurerm\"]",
      "instances": [
        {
          "index_key": "subnet1",
          "schema_version": 0,
          "attributes": {
            "address_prefixes": [
              "10.0.2.0/24"
            ],
            "default_outbound_access_enabled": true,
            "delegation": [],
            "id": "/subscriptions/dd652dae-3455-4999-8da8-e65662c036aa/resourceGroups/danialrg1/providers/Microsoft.Network/virtualNetworks/danial-vnet/subnets/danialsubnet",
            "ip_address_pool": [],
            "name": "danialsubnet",
            "private_endpoint_network_policies": "Disabled",
            "private_link_service_network_policies_enabled": true,
            "resource_group_name": "danialrg1",
            "service_endpoint_policy_ids": null,
            "service_endpoints": null,
            "timeouts": null,
            "virtual_network_name": "danial-vnet"
          },
          "sensitive_attributes": [],
          "identity_schema_version": 0,
          "identity": {
            "name": "danialsubnet",
            "resource_group_name": "danialrg1",
            "subscription_id": "dd652dae-3455-4999-8da8-e65662c036aa",
            "virtual_network_name": "danial-vnet"
          },
          "private": "eyJlMmJmYjczMC1lY2FhLTExZTYtOGY4OC0zNDM2M2JjN2M0YzAiOnsiY3JlYXRlIjoxODAwMDAwMDAwMDAwLCJkZWxldGUiOjE4MDAwMDAwMDAwMDAsInJlYWQiOjMwMDAwMDAwMDAwMCwidXBkYXRlIjoxODAwMDAwMDAwMDAwfX0=",
          "dependencies": [
            "module.resource_group.azurerm_resource_group.rg1",
            "module.virtual_network.azurerm_virtual_network.vnet1"
          ]
        }
      ]
    },
    {
      "module": "module.virtual_network",
      "mode": "managed",
      "type": "azurerm_virtual_network",
      "name": "vnet1",
      "provider": "provider[\"registry.terraform.io/hashicorp/azurerm\"]",
      "instances": [
        {
          "index_key": "vnet1",
          "schema_version": 0,
          "attributes": {
            "address_space": [
              "10.0.0.0/16"
            ],
            "bgp_community": "",
            "ddos_protection_plan": [],
            "dns_servers": [],
            "edge_zone": "",
            "encryption": [],
            "flow_timeout_in_minutes": 0,
            "guid": "1bd08ff8-199a-40f2-9685-37a89b36e12a",
            "id": "/subscriptions/dd652dae-3455-4999-8da8-e65662c036aa/resourceGroups/danialrg1/providers/Microsoft.Network/virtualNetworks/danial-vnet",
            "ip_address_pool": [],
            "location": "centralindia",
            "name": "danial-vnet",
            "private_endpoint_vnet_policies": "Disabled",
            "resource_group_name": "danialrg1",
            "subnet": [],
            "tags": null,
            "timeouts": null
          },
          "sensitive_attributes": [],
          "identity_schema_version": 0,
          "identity": {
            "name": "danial-vnet",
            "resource_group_name": "danialrg1",
            "subscription_id": "dd652dae-3455-4999-8da8-e65662c036aa"
          },
          "private": "eyJlMmJmYjczMC1lY2FhLTExZTYtOGY4OC0zNDM2M2JjN2M0YzAiOnsiY3JlYXRlIjoxODAwMDAwMDAwMDAwLCJkZWxldGUiOjE4MDAwMDAwMDAwMDAsInJlYWQiOjMwMDAwMDAwMDAwMCwidXBkYXRlIjoxODAwMDAwMDAwMDAwfX0=",
          "dependencies": [
            "module.resource_group.azurerm_resource_group.rg1"
          ]
        }
      ]
    }
  ],
  "check_results": null
}
